
Microsoft Visual Studio Solution File, Format Version 12.00
# Visual Studio Version 17
VisualStudioVersion = 17.5.33414.496
MinimumVisualStudioVersion = 10.0.40219.1
Project("{FAE04EC0-301F-11D3-BF4B-00C04F79EFBC}") = "tpmodul7_Kelompok LDI_6", "tpmodul7_Kelompok LDI_6\tpmodul7_Kelompok LDI_6.csproj", "{0480429F-8E0C-4E50-AFDE-63842737B64D}"
EndProject
Global
	GlobalSection(SolutionConfigurationPlatforms) = preSolution
		Debug|Any CPU = Debug|Any CPU
		Release|Any CPU = Release|Any CPU
	EndGlobalSection
	GlobalSection(ProjectConfigurationPlatforms) = postSolution
		{0480429F-8E0C-4E50-AFDE-63842737B64D}.Debug|Any CPU.ActiveCfg = Debug|Any CPU
		{0480429F-8E0C-4E50-AFDE-63842737B64D}.Debug|Any CPU.Build.0 = Debug|Any CPU
		{0480429F-8E0C-4E50-AFDE-63842737B64D}.Release|Any CPU.ActiveCfg = Release|Any CPU
		{0480429F-8E0C-4E50-AFDE-63842737B64D}.Release|Any CPU.Build.0 = Release|Any CPU
	EndGlobalSection
	GlobalSection(SolutionProperties) = preSolution
		HideSolutionNode = FALSE
	EndGlobalSection
	GlobalSection(ExtensibilityGlobals) = postSolution
		SolutionGuid = {938F00AB-3C2C-467A-ADC6-86BA8BA23FCA}
	EndGlobalSection
EndGlobal
